github.com/tredoe/fileutil v1.0.0/go.mod h1:PBayWPFCURwkmW0u6E8E8C6Jtd9ZzWq/U1iMa6BLRPg=
github.com/tredoe/goutil v0.0.0-20200111155331-68cefb6d3cdc/go.mod h1:dp4VPOLeEFYbsf1ikgd+uytWDnpCdMiTHMg6mh7hHuQ=
github.com/tredoe/osutil v1.0.5 h1:mfXjHBJU46GoJDOUcHyV895fauUuVikR9U8yRbGBrqw=
github.com/tredoe/osutil v1.0.5/go.mod h1:DDO4G4Mwys6NJi5JmEVLnfFbQWIfVVri8L6HuXb/v98=
